
Microsoft Visual Studio Solution File, Format Version 12.00
# Visual Studio Version 16
VisualStudioVersion = 16.0.31321.278
MinimumVisualStudioVersion = 10.0.40219.1
Project("{FAE04EC0-301F-11D3-BF4B-00C04F79EFBC}") = "ByteBank.SistemaAgencia", "ByteBank.SistemaAgencia\ByteBank.SistemaAgencia.csproj", "{50C6DCA1-4C8C-4DE9-B145-C63A98B7FC11}"
EndProject
Project("{FAE04EC0-301F-11D3-BF4B-00C04F79EFBC}") = "ByteBank.Modelos", "ByteBank.Modelos\ByteBank.Modelos.csproj", "{A959DB50-6D96-4C51-8954-D4420350FFDE}"
EndProject
Global
	GlobalSection(SolutionConfigurationPlatforms) = preSolution
		Debug|Any CPU = Debug|Any CPU
		Release|Any CPU = Release|Any CPU
	EndGlobalSection
	GlobalSection(ProjectConfigurationPlatforms) = postSolution
		{50C6DCA1-4C8C-4DE9-B145-C63A98B7FC11}.Debug|Any CPU.ActiveCfg = Debug|Any CPU
		{50C6DCA1-4C8C-4DE9-B145-C63A98B7FC11}.Debug|Any CPU.Build.0 = Debug|Any CPU
		{50C6DCA1-4C8C-4DE9-B145-C63A98B7FC11}.Release|Any CPU.ActiveCfg = Release|Any CPU
		{50C6DCA1-4C8C-4DE9-B145-C63A98B7FC11}.Release|Any CPU.Build.0 = Release|Any CPU
		{A959DB50-6D96-4C51-8954-D4420350FFDE}.Debug|Any CPU.ActiveCfg = Debug|Any CPU
		{A959DB50-6D96-4C51-8954-D4420350FFDE}.Debug|Any CPU.Build.0 = Debug|Any CPU
		{A959DB50-6D96-4C51-8954-D4420350FFDE}.Release|Any CPU.ActiveCfg = Release|Any CPU
		{A959DB50-6D96-4C51-8954-D4420350FFDE}.Release|Any CPU.Build.0 = Release|Any CPU
	EndGlobalSection
	GlobalSection(SolutionProperties) = preSolution
		HideSolutionNode = FALSE
	EndGlobalSection
	GlobalSection(ExtensibilityGlobals) = postSolution
		SolutionGuid = {680D5667-28BD-48FE-8A1E-94B3E9B9FDA1}
	EndGlobalSection
EndGlobal
